
Microsoft Visual Studio Solution File, Format Version 12.00
# Visual Studio Version 16
VisualStudioVersion = 16.0.30523.141
MinimumVisualStudioVersion = 10.0.40219.1
Project("{FAE04EC0-301F-11D3-BF4B-00C04F79EFBC}") = "Unit1FormsComponentesBasicos_input", "Unit1FormsComponentesBasicos_input\Unit1FormsComponentesBasicos_input.csproj", "{84EEEC1A-008B-4F52-B91A-C9B25AAD923B}"
EndProject
Global
	GlobalSection(SolutionConfigurationPlatforms) = preSolution
		Debug|Any CPU = Debug|Any CPU
		Release|Any CPU = Release|Any CPU
	EndGlobalSection
	GlobalSection(ProjectConfigurationPlatforms) = postSolution
		{84EEEC1A-008B-4F52-B91A-C9B25AAD923B}.Debug|Any CPU.ActiveCfg = Debug|Any CPU
		{84EEEC1A-008B-4F52-B91A-C9B25AAD923B}.Debug|Any CPU.Build.0 = Debug|Any CPU
		{84EEEC1A-008B-4F52-B91A-C9B25AAD923B}.Release|Any CPU.ActiveCfg = Release|Any CPU
		{84EEEC1A-008B-4F52-B91A-C9B25AAD923B}.Release|Any CPU.Build.0 = Release|Any CPU
	EndGlobalSection
	GlobalSection(SolutionProperties) = preSolution
		HideSolutionNode = FALSE
	EndGlobalSection
	GlobalSection(ExtensibilityGlobals) = postSolution
		SolutionGuid = {22CC53D0-3308-461F-B91F-EC3816E61C61}
	EndGlobalSection
EndGlobal
