
Microsoft Visual Studio Solution File, Format Version 12.00
# Visual Studio Version 16
VisualStudioVersion = 16.0.30523.141
MinimumVisualStudioVersion = 10.0.40219.1
Project("{FAE04EC0-301F-11D3-BF4B-00C04F79EFBC}") = "Unit1FormsComponentesBasicos4", "Unit1FormsComponentesBasicos4\Unit1FormsComponentesBasicos4.csproj", "{15A4B98D-35F4-440B-87B0-FED8471F4BED}"
EndProject
Global
	GlobalSection(SolutionConfigurationPlatforms) = preSolution
		Debug|Any CPU = Debug|Any CPU
		Release|Any CPU = Release|Any CPU
	EndGlobalSection
	GlobalSection(ProjectConfigurationPlatforms) = postSolution
		{15A4B98D-35F4-440B-87B0-FED8471F4BED}.Debug|Any CPU.ActiveCfg = Debug|Any CPU
		{15A4B98D-35F4-440B-87B0-FED8471F4BED}.Debug|Any CPU.Build.0 = Debug|Any CPU
		{15A4B98D-35F4-440B-87B0-FED8471F4BED}.Release|Any CPU.ActiveCfg = Release|Any CPU
		{15A4B98D-35F4-440B-87B0-FED8471F4BED}.Release|Any CPU.Build.0 = Release|Any CPU
	EndGlobalSection
	GlobalSection(SolutionProperties) = preSolution
		HideSolutionNode = FALSE
	EndGlobalSection
	GlobalSection(ExtensibilityGlobals) = postSolution
		SolutionGuid = {46F7F89C-BAA1-41BC-92D9-F5C1242D6941}
	EndGlobalSection
EndGlobal
